
Microsoft Visual Studio Solution File, Format Version 12.00
# Visual Studio 15
VisualStudioVersion = 15.0.28307.779
MinimumVisualStudioVersion = 10.0.40219.1
Project("{9A19103F-16F7-4668-BE54-9A1E7A4F7556}") = "LibraryService", "LibraryService\LibraryService.csproj", "{F905755D-196E-425D-A8AC-95EB81A4D65E}"
EndProject
Project("{9A19103F-16F7-4668-BE54-9A1E7A4F7556}") = "WebClient", "WebClient\WebClient.csproj", "{707D701C-656D-4513-A1C8-B4AD14939D87}"
EndProject
Project("{9A19103F-16F7-4668-BE54-9A1E7A4F7556}") = "ResgateIO.Service", "..\..\ResgateIO.Service\ResgateIO.Service.csproj", "{39014148-5D0C-4FB5-9BC3-D64DC3DBEC01}"
EndProject
Global
	GlobalSection(SolutionConfigurationPlatforms) = preSolution
		Debug|Any CPU = Debug|Any CPU
		Release|Any CPU = Release|Any CPU
	EndGlobalSection
	GlobalSection(ProjectConfigurationPlatforms) = postSolution
		{F905755D-196E-425D-A8AC-95EB81A4D65E}.Debug|Any CPU.ActiveCfg = Debug|Any CPU
		{F905755D-196E-425D-A8AC-95EB81A4D65E}.Debug|Any CPU.Build.0 = Debug|Any CPU
		{F905755D-196E-425D-A8AC-95EB81A4D65E}.Release|Any CPU.ActiveCfg = Release|Any CPU
		{F905755D-196E-425D-A8AC-95EB81A4D65E}.Release|Any CPU.Build.0 = Release|Any CPU
		{707D701C-656D-4513-A1C8-B4AD14939D87}.Debug|Any CPU.ActiveCfg = Debug|Any CPU
		{707D701C-656D-4513-A1C8-B4AD14939D87}.Debug|Any CPU.Build.0 = Debug|Any CPU
		{707D701C-656D-4513-A1C8-B4AD14939D87}.Release|Any CPU.ActiveCfg = Release|Any CPU
		{707D701C-656D-4513-A1C8-B4AD14939D87}.Release|Any CPU.Build.0 = Release|Any CPU
		{39014148-5D0C-4FB5-9BC3-D64DC3DBEC01}.Debug|Any CPU.ActiveCfg = Debug|Any CPU
		{39014148-5D0C-4FB5-9BC3-D64DC3DBEC01}.Debug|Any CPU.Build.0 = Debug|Any CPU
		{39014148-5D0C-4FB5-9BC3-D64DC3DBEC01}.Release|Any CPU.ActiveCfg = Release|Any CPU
		{39014148-5D0C-4FB5-9BC3-D64DC3DBEC01}.Release|Any CPU.Build.0 = Release|Any CPU
	EndGlobalSection
	GlobalSection(SolutionProperties) = preSolution
		HideSolutionNode = FALSE
	EndGlobalSection
	GlobalSection(ExtensibilityGlobals) = postSolution
		SolutionGuid = {12A2775C-1C9F-493C-A980-CC916D2688A2}
	EndGlobalSection
EndGlobal
