
Microsoft Visual Studio Solution File, Format Version 12.00
# Visual Studio 15
VisualStudioVersion = 15.0.28307.779
MinimumVisualStudioVersion = 10.0.40219.1
Project("{9A19103F-16F7-4668-BE54-9A1E7A4F7556}") = "TextService", "TextService\TextService.csproj", "{24DD237B-2C88-422C-A260-B763D944ECD6}"
EndProject
Project("{9A19103F-16F7-4668-BE54-9A1E7A4F7556}") = "ResgateIO.Service", "..\..\ResgateIO.Service\ResgateIO.Service.csproj", "{47493A12-0E2B-49BB-91DA-B0F673F33C4B}"
EndProject
Project("{9A19103F-16F7-4668-BE54-9A1E7A4F7556}") = "WebClient", "WebClient\WebClient.csproj", "{D163F7E0-1C7E-4BFE-BAA5-F09D0EAE2089}"
EndProject
Global
	GlobalSection(SolutionConfigurationPlatforms) = preSolution
		Debug|Any CPU = Debug|Any CPU
		Release|Any CPU = Release|Any CPU
	EndGlobalSection
	GlobalSection(ProjectConfigurationPlatforms) = postSolution
		{24DD237B-2C88-422C-A260-B763D944ECD6}.Debug|Any CPU.ActiveCfg = Debug|Any CPU
		{24DD237B-2C88-422C-A260-B763D944ECD6}.Debug|Any CPU.Build.0 = Debug|Any CPU
		{24DD237B-2C88-422C-A260-B763D944ECD6}.Release|Any CPU.ActiveCfg = Release|Any CPU
		{24DD237B-2C88-422C-A260-B763D944ECD6}.Release|Any CPU.Build.0 = Release|Any CPU
		{47493A12-0E2B-49BB-91DA-B0F673F33C4B}.Debug|Any CPU.ActiveCfg = Debug|Any CPU
		{47493A12-0E2B-49BB-91DA-B0F673F33C4B}.Debug|Any CPU.Build.0 = Debug|Any CPU
		{47493A12-0E2B-49BB-91DA-B0F673F33C4B}.Release|Any CPU.ActiveCfg = Release|Any CPU
		{47493A12-0E2B-49BB-91DA-B0F673F33C4B}.Release|Any CPU.Build.0 = Release|Any CPU
		{D163F7E0-1C7E-4BFE-BAA5-F09D0EAE2089}.Debug|Any CPU.ActiveCfg = Debug|Any CPU
		{D163F7E0-1C7E-4BFE-BAA5-F09D0EAE2089}.Debug|Any CPU.Build.0 = Debug|Any CPU
		{D163F7E0-1C7E-4BFE-BAA5-F09D0EAE2089}.Release|Any CPU.ActiveCfg = Release|Any CPU
		{D163F7E0-1C7E-4BFE-BAA5-F09D0EAE2089}.Release|Any CPU.Build.0 = Release|Any CPU
	EndGlobalSection
	GlobalSection(SolutionProperties) = preSolution
		HideSolutionNode = FALSE
	EndGlobalSection
	GlobalSection(ExtensibilityGlobals) = postSolution
		SolutionGuid = {FA62A18A-7ED5-4488-83B5-5A4BAF1FCE69}
	EndGlobalSection
EndGlobal
